
Microsoft Visual Studio Solution File, Format Version 12.00
# Visual Studio Version 17
VisualStudioVersion = 17.7.34009.444
MinimumVisualStudioVersion = 10.0.40219.1
Project("{FAE04EC0-301F-11D3-BF4B-00C04F79EFBC}") = "Ejemplos", "Ejemplos\Ejemplos.csproj", "{AEA33174-AD27-4F15-B15C-D98ADB9E325F}"
EndProject
Global
	GlobalSection(SolutionConfigurationPlatforms) = preSolution
		Debug|Any CPU = Debug|Any CPU
		Release|Any CPU = Release|Any CPU
	EndGlobalSection
	GlobalSection(ProjectConfigurationPlatforms) = postSolution
		{AEA33174-AD27-4F15-B15C-D98ADB9E325F}.Debug|Any CPU.ActiveCfg = Debug|Any CPU
		{AEA33174-AD27-4F15-B15C-D98ADB9E325F}.Debug|Any CPU.Build.0 = Debug|Any CPU
		{AEA33174-AD27-4F15-B15C-D98ADB9E325F}.Release|Any CPU.ActiveCfg = Release|Any CPU
		{AEA33174-AD27-4F15-B15C-D98ADB9E325F}.Release|Any CPU.Build.0 = Release|Any CPU
	EndGlobalSection
	GlobalSection(SolutionProperties) = preSolution
		HideSolutionNode = FALSE
	EndGlobalSection
	GlobalSection(ExtensibilityGlobals) = postSolution
		SolutionGuid = {B89477C5-45C8-4A8E-9FDF-FAE49125EBE6}
	EndGlobalSection
EndGlobal
